schema: '2.0'
stages:
  parse_svg:
    cmd: python image_processing/parse_svg.py
    deps:
    - path: assets/VALISE_CHAIN_DREAMERS_TRAITS
      md5: 2437da386a57a2741e0cedfa73eee01e.dir
      size: 778308
      nfiles: 352
    - path: image_processing/parse_svg.py
      md5: ab2eef555a82b4521ffd974374113e2f
      size: 4697
    outs:
    - path: assets/VALISE_CHAIN_DREAMERS_COMPUTED
      md5: 247a093a22b12867ff0b67383778247b.dir
      size: 693027
      nfiles: 338
    - path: assets/palettes.json
      md5: 93db8ef62ec6decdbdaa27e05c960cfc
      size: 622996
  convert_lines_h_v:
    cmd: python image_processing/use_h_and_v_in_d.py
    deps:
    - path: assets/palettes.json
      md5: 93db8ef62ec6decdbdaa27e05c960cfc
      size: 622996
    - path: image_processing/use_h_and_v_in_d.py
      md5: 7527bc81990a2041a95ef99c59c6e959
      size: 1402
    outs:
    - path: assets/palettes-hv.json
      md5: 75810514840e3a51ae6cd5698803601a
      size: 604674
