schema: '2.0'
stages:
  parse_svg:
    cmd: python image_processing/parse_svg.py
    deps:
    - path: assets/VALISE_CHAIN_DREAMERS_TRAITS
      md5: 85f0c54165c1b85a1c8258153ae43add.dir
      size: 761011
      nfiles: 353
    - path: image_processing/parse_svg.py
      md5: 1ead66981f69c87a22c475baae8a448f
      size: 5230
    outs:
    - path: assets/VALISE_CHAIN_DREAMERS_COMPUTED
      md5: 3b056117fb0498ce6c652277a1c60c5a.dir
      size: 664264
      nfiles: 339
    - path: assets/palettes.json
      md5: b23c5da0135b749df637f9b3987f44cf
      size: 602611
  convert_lines_h_v:
    cmd: python image_processing/use_h_and_v_in_d.py
    deps:
    - path: assets/palettes.json
      md5: b23c5da0135b749df637f9b3987f44cf
      size: 602611
    - path: image_processing/use_h_and_v_in_d.py
      md5: 7527bc81990a2041a95ef99c59c6e959
      size: 1402
    outs:
    - path: assets/palettes-hv.json
      md5: 950a477e99b992ccabf9c9f4f73570dc
      size: 583035
