schema: '2.0'
stages:
  parse_svg:
    cmd: python image_processing/parse_svg.py
    deps:
    - path: assets/VALISE_CHAIN_DREAMERS_TRAITS
      md5: 60bc5f94959e802700b619926a65ad4e.dir
      size: 1010274
      nfiles: 385
    - path: image_processing/parse_svg.py
      md5: a2b106ef258c7bdbdb00b568657ed188
      size: 5048
    outs:
    - path: assets/VALISE_CHAIN_DREAMERS_COMPUTED
      md5: b11f73d3bde3cfaef3355c015dc487ab.dir
      size: 927674
      nfiles: 358
    - path: palettes.json
      md5: bfe4f0af53f96443d1310e7be0840cfa
      size: 857059
  convert_lines_h_v:
    cmd: python image_processing/use_h_and_v_in_d.py
    deps:
    - path: image_processing/use_h_and_v_in_d.py
      md5: d8369e6369fad6f65c03bc142226d0ee
      size: 1353
    - path: palettes.json
      md5: bfe4f0af53f96443d1310e7be0840cfa
      size: 857059
    outs:
    - path: palettes-hv.json
      md5: d245f584972dbe201401a2976d7d4634
      size: 804144
  concat_palettes:
    cmd: npx hardhat concat-palettes --input palettes-hv.json --output palettes-storage.json
    deps:
    - path: palettes-hv.json
      md5: d245f584972dbe201401a2976d7d4634
      size: 804144
    - path: tasks/concatPalettes.ts
      md5: bbd00a7886c1c1124bc0989ec09f2e82
      size: 2392
    outs:
    - path: palettes-storage.json
      md5: f02770174e11924d899d8c22ffbe1929
      size: 245253
  get_runners_layers:
    cmd: npx hardhat get-chain-runners-layers --output runners-layers.json
    deps:
    - path: tasks/getChainRunnersLayers.ts
      md5: 4cd82f4678614131b8a7b97ab178d373
      size: 1673
    outs:
    - path: runners-layers.json
      md5: f829d2bdfc971e7efaa64e497f1fe6c6
      size: 328170
  get_runners_dna:
    cmd: npx hardhat get-chain-runners-dna --network mainnet --output runners-dna.json
    deps:
    - path: tasks/getChainRunnersDna.ts
      md5: 02703a1be1e0c54a3fb9b44f15fbeca5
      size: 1153
    outs:
    - path: runners-dna.json
      md5: b85ee099c4a9ac68bf88d1f9fb08a593
      size: 1219363
  get_runners_layers_svg:
    cmd: npx hardhat get-chain-runners-layers-svg --outputdir assets/CHAIN_RUNNERS_TRAITS
    deps:
    - path: tasks/getChainRunnersLayersSvg.ts
      md5: b0ace568e9b854e9fe32f3ac61520c2b
      size: 1837
    outs:
    - path: assets/CHAIN_RUNNERS_TRAITS
      md5: 9eb9ec2c55fe2b10bbc6d7db283529d2.dir
      size: 12967610
      nfiles: 295
  deploy:
    cmd: npx hardhat deploy
    deps:
    - path: deploy
      md5: 9716392637675d5f393ece962e0c0d00.dir
      size: 7004
      nfiles: 7
    - path: palettes-storage.json
      md5: f02770174e11924d899d8c22ffbe1929
      size: 245253
  traits_gas:
    cmd: npx hardhat dreamers-gas --output traits-gas.json
    deps:
    - path: tasks/dreamersGas.ts
      md5: 3f7fc78d2fd37af58bce24fd3c3473ba
      size: 900
    outs:
    - path: traits-gas.json
      md5: 5ddcdbb4d2692c76e8db7dd71028b0ce
      size: 31979
